{
  "name": "com.docker.devenvironments.code",
  "lockfileVersion": 3,
  "requires": true,
  "packages": {
    "": {
      "dependencies": {
        "mkdirp": "^1.0.4",
        "n": "^9.2.0"
      }
    },
    "node_modules/mkdirp": {
      "version": "1.0.4",
      "resolved": "https://registry.npmjs.org/mkdirp/-/mkdirp-1.0.4.tgz",
      "integrity": "sha512-vVqVZQyf3WLx2Shd0qJ9xuvqgAyKPLAiqITEtqW0oIUjzo3PePDd6fW9iFz30ef7Ysp/oiWqbhszeGWW2T6Gzw==",
      "bin": {
        "mkdirp": "bin/cmd.js"
      },
      "engines": {
        "node": ">=10"
      }
    },
    "node_modules/n": {
      "version": "9.2.0",
      "resolved": "https://registry.npmjs.org/n/-/n-9.2.0.tgz",
      "integrity": "sha512-R8mFN2OWwNVc+r1f9fDzcT34DnDwUIHskrpTesZ6SdluaXBBnRtTu5tlfaSPloBi1Z/eGJoPO9nhyawWPad5UQ==",
      "os": [
        "!win32"
      ],
      "bin": {
        "n": "bin/n"
      },
      "engines": {
        "node": "*"
      }
    }
  }
}
